
Microsoft Visual Studio Solution File, Format Version 12.00
# Visual Studio Version 17
VisualStudioVersion = 17.0.31903.59
MinimumVisualStudioVersion = 10.0.40219.1
Project("{2150E333-8FDC-42A3-9474-1A3956D46DE8}") = "src", "src", "{0E1422A7-4039-4795-A87F-ADFD17094A7A}"
EndProject
Project("{F2A71F9B-5D33-465A-A702-920D77279786}") = "Compiler", "src\Compiler\Compiler.fsproj", "{4C0259FB-EA28-491E-9C5C-4E4317C75BA6}"
EndProject
Project("{F2A71F9B-5D33-465A-A702-920D77279786}") = "Shared", "src\Shared\Shared.fsproj", "{47B74EB0-E02A-42A2-AC86-7D2AFF138601}"
EndProject
Project("{F2A71F9B-5D33-465A-A702-920D77279786}") = "Interpreter", "src\Interpreter\Interpreter.fsproj", "{4583E4B2-1C10-4E03-87D3-D4CD2EAB646D}"
EndProject
Global
	GlobalSection(SolutionConfigurationPlatforms) = preSolution
		Debug|Any CPU = Debug|Any CPU
		Release|Any CPU = Release|Any CPU
	EndGlobalSection
	GlobalSection(SolutionProperties) = preSolution
		HideSolutionNode = FALSE
	EndGlobalSection
	GlobalSection(ProjectConfigurationPlatforms) = postSolution
		{4C0259FB-EA28-491E-9C5C-4E4317C75BA6}.Debug|Any CPU.ActiveCfg = Debug|Any CPU
		{4C0259FB-EA28-491E-9C5C-4E4317C75BA6}.Debug|Any CPU.Build.0 = Debug|Any CPU
		{4C0259FB-EA28-491E-9C5C-4E4317C75BA6}.Release|Any CPU.ActiveCfg = Release|Any CPU
		{4C0259FB-EA28-491E-9C5C-4E4317C75BA6}.Release|Any CPU.Build.0 = Release|Any CPU
		{47B74EB0-E02A-42A2-AC86-7D2AFF138601}.Debug|Any CPU.ActiveCfg = Debug|Any CPU
		{47B74EB0-E02A-42A2-AC86-7D2AFF138601}.Debug|Any CPU.Build.0 = Debug|Any CPU
		{47B74EB0-E02A-42A2-AC86-7D2AFF138601}.Release|Any CPU.ActiveCfg = Release|Any CPU
		{47B74EB0-E02A-42A2-AC86-7D2AFF138601}.Release|Any CPU.Build.0 = Release|Any CPU
		{4583E4B2-1C10-4E03-87D3-D4CD2EAB646D}.Debug|Any CPU.ActiveCfg = Debug|Any CPU
		{4583E4B2-1C10-4E03-87D3-D4CD2EAB646D}.Debug|Any CPU.Build.0 = Debug|Any CPU
		{4583E4B2-1C10-4E03-87D3-D4CD2EAB646D}.Release|Any CPU.ActiveCfg = Release|Any CPU
		{4583E4B2-1C10-4E03-87D3-D4CD2EAB646D}.Release|Any CPU.Build.0 = Release|Any CPU
	EndGlobalSection
	GlobalSection(NestedProjects) = preSolution
		{4C0259FB-EA28-491E-9C5C-4E4317C75BA6} = {0E1422A7-4039-4795-A87F-ADFD17094A7A}
		{47B74EB0-E02A-42A2-AC86-7D2AFF138601} = {0E1422A7-4039-4795-A87F-ADFD17094A7A}
		{4583E4B2-1C10-4E03-87D3-D4CD2EAB646D} = {0E1422A7-4039-4795-A87F-ADFD17094A7A}
	EndGlobalSection
EndGlobal
